lockfile_version: '1'
generated_at: '2026-08-04T22:55:45.731138+00:00'
dependencies: []
deployments:
- kind: project-relative
  target: codex
  value: .codex/agents/advisor.toml
  runtime: null
  scope: project
  owners:
  - .
  active_owner: .
  content_hash: sha256:68f4028da10c16d1046dca2af23a44310b6459f1dae43faae4deb0e3e4577046
- kind: project-relative
  target: codex
  value: .codex/agents/architect.toml
  runtime: null
  scope: project
  owners:
  - .
  active_owner: .
  content_hash: sha256:66b181e1a3a832c404a3b4bafd8db4ba2949fc2984099372ea22492f4f94fc2d
- kind: project-relative
  target: codex
  value: .codex/agents/blue-structure-improver.toml
  runtime: null
  scope: project
  owners:
  - .
  active_owner: .
  content_hash: sha256:3c24426332f592571a0fd990385993309f5d59fc2304c69f18f5251c834ec538
- kind: project-relative
  target: codex
  value: .codex/agents/brilliant-implementer.toml
  runtime: null
  scope: project
  owners:
  - .
  active_owner: .
  content_hash: sha256:206f023794dc49e3c88be3e173c425890331ae7561f5df8f835ca3b2eff94f1e
- kind: project-relative
  target: codex
  value: .codex/agents/challenger-two.toml
  runtime: null
  scope: project
  owners:
  - .
  active_owner: .
  content_hash: sha256:b0964da3ecc53affc9e39f96cf07a7d95099cb6d0d01d7ae1f7f72f91f490093
- kind: project-relative
  target: codex
  value: .codex/agents/challenger.toml
  runtime: null
  scope: project
  owners:
  - .
  active_owner: .
  content_hash: sha256:d8b0085f91a2cd5cb5429926be6f61752116ff92fb4b50a7536a11ea654b4cd7
- kind: project-relative
  target: codex
  value: .codex/agents/explorer.toml
  runtime: null
  scope: project
  owners:
  - .
  active_owner: .
  content_hash: sha256:5328981476534cfb2e287af22bb3d1eecbaa4a4509a78d942bd0b0e1fffd1da2
- kind: project-relative
  target: codex
  value: .codex/agents/gray-contract-implementer.toml
  runtime: null
  scope: project
  owners:
  - .
  active_owner: .
  content_hash: sha256:1e2512514e2e9ccf3f8940488842dfc4987657758b1050c8780a3d86da05010f
- kind: project-relative
  target: codex
  value: .codex/agents/green-behavior-implementer.toml
  runtime: null
  scope: project
  owners:
  - .
  active_owner: .
  content_hash: sha256:2377e5f4160abdc8764842c4521fbdf04de13ff37cb7d91677d78bdb6cd3b4ee
- kind: project-relative
  target: codex
  value: .codex/agents/implementer.toml
  runtime: null
  scope: project
  owners:
  - .
  active_owner: .
  content_hash: sha256:d79c0beb51339390f3ebc59cfc84b840ef910482b1341722537c7e3c01040581
- kind: project-relative
  target: codex
  value: .codex/agents/improvement-reviewer.toml
  runtime: null
  scope: project
  owners:
  - .
  active_owner: .
  content_hash: sha256:d65925db09358dffe436551c894b2a8d88470fea159f0add0f675d82537ecd10
- kind: project-relative
  target: codex
  value: .codex/agents/mastermind.toml
  runtime: null
  scope: project
  owners:
  - .
  active_owner: .
  content_hash: sha256:91f72fa8ea287337291b88d89bedc5d42edf66d4a1fade42429f0f01668b50f7
- kind: project-relative
  target: codex
  value: .codex/agents/purple-evidence-improver.toml
  runtime: null
  scope: project
  owners:
  - .
  active_owner: .
  content_hash: sha256:f32fc79529b05977b94d624730a6423d2f940ca27057184642ca2dcb6c9802ce
- kind: project-relative
  target: codex
  value: .codex/agents/red-evidence-author.toml
  runtime: null
  scope: project
  owners:
  - .
  active_owner: .
  content_hash: sha256:18949e81b6c28b78e40bc40dc9c9ed4d3e8af29bc45451c096c28b201ba7ea79
- kind: project-relative
  target: codex
  value: .codex/agents/researcher.toml
  runtime: null
  scope: project
  owners:
  - .
  active_owner: .
  content_hash: sha256:c7989cc3c28183adf723cfb07fdb3d8ef87e468387f722d096078e7cb4e00b84
- kind: project-relative
  target: codex
  value: .codex/agents/reviewer-terra.toml
  runtime: null
  scope: project
  owners:
  - .
  active_owner: .
  content_hash: sha256:ce910154bb41d30db2d5a4e60f818a7da8b509d1e5612c34cb21d3b464f46207
- kind: project-relative
  target: codex
  value: .codex/agents/reviewer.toml
  runtime: null
  scope: project
  owners:
  - .
  active_owner: .
  content_hash: sha256:00bb00024134bb2d3971d87e61516f8f059898d483938d52b91700004be84cfc
- kind: project-relative
  target: codex
  value: .codex/agents/workspace-operator.toml
  runtime: null
  scope: project
  owners:
  - .
  active_owner: .
  content_hash: sha256:9a6217252a0353d7b2f3b7ad83a0e3890f4054bfaf471ab0ce19ed68547b128d
- kind: project-relative
  target: codex
  value: .codex/agents/writer.toml
  runtime: null
  scope: project
  owners:
  - .
  active_owner: .
  content_hash: sha256:81a63103c0d0a71b5ededdd28124a43b4b69c073dc01005e6de09b07b11a96cb
- kind: project-relative
  target: codex
  value: .codex/agents/writing-reviewer.toml
  runtime: null
  scope: project
  owners:
  - .
  active_owner: .
  content_hash: sha256:61726357069ef832e71ecba23719311823189f6032382e5bf604efb481c91785
- kind: project-relative
  target: opencode
  value: .opencode/agents/advisor.md
  runtime: null
  scope: project
  owners:
  - .
  active_owner: .
  content_hash: sha256:8320a6bc849070e9c53fa7a506aa744be632c9e90d41266695b523685738d67f
- kind: project-relative
  target: opencode
  value: .opencode/agents/architect.md
  runtime: null
  scope: project
  owners:
  - .
  active_owner: .
  content_hash: sha256:e608dd4b6a909dd2670b656b8ee9fdef0ebad0ba68840795bebc8867125f1fc7
- kind: project-relative
  target: opencode
  value: .opencode/agents/blue-structure-improver.md
  runtime: null
  scope: project
  owners:
  - .
  active_owner: .
  content_hash: sha256:0545905537ba1940a621bfcd2a59a401c081bde6f20ec9f84d5351a61b9c5840
- kind: project-relative
  target: opencode
  value: .opencode/agents/brilliant-implementer.md
  runtime: null
  scope: project
  owners:
  - .
  active_owner: .
  content_hash: sha256:cfcc466b7ee0b44201ea5c5f3c23579c6b1c637112055b93cf02f7443146418e
- kind: project-relative
  target: opencode
  value: .opencode/agents/challenger-two.md
  runtime: null
  scope: project
  owners:
  - .
  active_owner: .
  content_hash: sha256:d67782b2152eae082843419033732706680b136af4dd5bcfc044fa9d6f5cccf6
- kind: project-relative
  target: opencode
  value: .opencode/agents/challenger.md
  runtime: null
  scope: project
  owners:
  - .
  active_owner: .
  content_hash: sha256:601ad0db96176de88a89143c8f3029dd98bbe7b57f5ae8355cba1b48564c0255
- kind: project-relative
  target: opencode
  value: .opencode/agents/explorer.md
  runtime: null
  scope: project
  owners:
  - .
  active_owner: .
  content_hash: sha256:328881a37c57b63b1f2acea1f73e6166b7c4be27cb43983bbc83105f4d7243ca
- kind: project-relative
  target: opencode
  value: .opencode/agents/gray-contract-implementer.md
  runtime: null
  scope: project
  owners:
  - .
  active_owner: .
  content_hash: sha256:cb55b96898b5cbab4f8095ca9cdac12cb04d383ead58d1291b7bfe674af65fa5
- kind: project-relative
  target: opencode
  value: .opencode/agents/green-behavior-implementer.md
  runtime: null
  scope: project
  owners:
  - .
  active_owner: .
  content_hash: sha256:c2e9542b7b189d11bafd9bf9559360b85fcc9d09fa304d67c0a0ff6e816453fc
- kind: project-relative
  target: opencode
  value: .opencode/agents/implementer.md
  runtime: null
  scope: project
  owners:
  - .
  active_owner: .
  content_hash: sha256:ee95559652b3bcb5b4b31eedc076907322a68859342fd054b0e98e85a6749e89
- kind: project-relative
  target: opencode
  value: .opencode/agents/improvement-reviewer.md
  runtime: null
  scope: project
  owners:
  - .
  active_owner: .
  content_hash: sha256:2df45223196e3248636d1571f74fe329caada5cf1fc3469932b29f9ebcffdbca
- kind: project-relative
  target: opencode
  value: .opencode/agents/mastermind.md
  runtime: null
  scope: project
  owners:
  - .
  active_owner: .
  content_hash: sha256:834462d83193af5ce250099ffd18b97a47e15b566519bbc55efdb6594927da81
- kind: project-relative
  target: opencode
  value: .opencode/agents/purple-evidence-improver.md
  runtime: null
  scope: project
  owners:
  - .
  active_owner: .
  content_hash: sha256:15f537b0f48d1fe0d70449b7be1e5dfddec23745ef9dd354e6fd98fc45bc1640
- kind: project-relative
  target: opencode
  value: .opencode/agents/red-evidence-author.md
  runtime: null
  scope: project
  owners:
  - .
  active_owner: .
  content_hash: sha256:ea43b071f764b10d5b9630a9a45400acab1dfe4944756628f229cc0990b03da5
- kind: project-relative
  target: opencode
  value: .opencode/agents/researcher.md
  runtime: null
  scope: project
  owners:
  - .
  active_owner: .
  content_hash: sha256:1e6f86a093402a760ba8c605bd4f6436518eb26a90981713981581097bfa4c1c
- kind: project-relative
  target: opencode
  value: .opencode/agents/reviewer-terra.md
  runtime: null
  scope: project
  owners:
  - .
  active_owner: .
  content_hash: sha256:b3053ede5a23582cf9bf13733248ddb4d2278aeafe54a9bb5c74e0fd3490ed2f
- kind: project-relative
  target: opencode
  value: .opencode/agents/reviewer.md
  runtime: null
  scope: project
  owners:
  - .
  active_owner: .
  content_hash: sha256:70127d39c6b76f0f131e1377b495351520636806ded25dbc39b5a9cc42dbe9a5
- kind: project-relative
  target: opencode
  value: .opencode/agents/workspace-operator.md
  runtime: null
  scope: project
  owners:
  - .
  active_owner: .
  content_hash: sha256:a501bef83362aa4567ce85e1c00f88610f0aa85253f59ad6c5dad73eb99f58df
- kind: project-relative
  target: opencode
  value: .opencode/agents/writer.md
  runtime: null
  scope: project
  owners:
  - .
  active_owner: .
  content_hash: sha256:fc3ce7b5813c5a4c6806cd4d74e0a0a8df20d4855094859d99300acf892c243c
- kind: project-relative
  target: opencode
  value: .opencode/agents/writing-reviewer.md
  runtime: null
  scope: project
  owners:
  - .
  active_owner: .
  content_hash: sha256:16d86820cd5e9aa09a6252ae63c5987645ea524dc0e8eaaf1b417869674d3391
local_deployed_files:
- .codex/agents/advisor.toml
- .codex/agents/architect.toml
- .codex/agents/blue-structure-improver.toml
- .codex/agents/brilliant-implementer.toml
- .codex/agents/challenger-two.toml
- .codex/agents/challenger.toml
- .codex/agents/explorer.toml
- .codex/agents/gray-contract-implementer.toml
- .codex/agents/green-behavior-implementer.toml
- .codex/agents/implementer.toml
- .codex/agents/improvement-reviewer.toml
- .codex/agents/mastermind.toml
- .codex/agents/purple-evidence-improver.toml
- .codex/agents/red-evidence-author.toml
- .codex/agents/researcher.toml
- .codex/agents/reviewer-terra.toml
- .codex/agents/reviewer.toml
- .codex/agents/workspace-operator.toml
- .codex/agents/writer.toml
- .codex/agents/writing-reviewer.toml
- .opencode/agents/advisor.md
- .opencode/agents/architect.md
- .opencode/agents/blue-structure-improver.md
- .opencode/agents/brilliant-implementer.md
- .opencode/agents/challenger-two.md
- .opencode/agents/challenger.md
- .opencode/agents/explorer.md
- .opencode/agents/gray-contract-implementer.md
- .opencode/agents/green-behavior-implementer.md
- .opencode/agents/implementer.md
- .opencode/agents/improvement-reviewer.md
- .opencode/agents/mastermind.md
- .opencode/agents/purple-evidence-improver.md
- .opencode/agents/red-evidence-author.md
- .opencode/agents/researcher.md
- .opencode/agents/reviewer-terra.md
- .opencode/agents/reviewer.md
- .opencode/agents/workspace-operator.md
- .opencode/agents/writer.md
- .opencode/agents/writing-reviewer.md
local_deployed_file_hashes:
  .codex/agents/advisor.toml: sha256:68f4028da10c16d1046dca2af23a44310b6459f1dae43faae4deb0e3e4577046
  .codex/agents/architect.toml: sha256:66b181e1a3a832c404a3b4bafd8db4ba2949fc2984099372ea22492f4f94fc2d
  .codex/agents/blue-structure-improver.toml: sha256:3c24426332f592571a0fd990385993309f5d59fc2304c69f18f5251c834ec538
  .codex/agents/brilliant-implementer.toml: sha256:206f023794dc49e3c88be3e173c425890331ae7561f5df8f835ca3b2eff94f1e
  .codex/agents/challenger-two.toml: sha256:b0964da3ecc53affc9e39f96cf07a7d95099cb6d0d01d7ae1f7f72f91f490093
  .codex/agents/challenger.toml: sha256:d8b0085f91a2cd5cb5429926be6f61752116ff92fb4b50a7536a11ea654b4cd7
  .codex/agents/explorer.toml: sha256:5328981476534cfb2e287af22bb3d1eecbaa4a4509a78d942bd0b0e1fffd1da2
  .codex/agents/gray-contract-implementer.toml: sha256:1e2512514e2e9ccf3f8940488842dfc4987657758b1050c8780a3d86da05010f
  .codex/agents/green-behavior-implementer.toml: sha256:2377e5f4160abdc8764842c4521fbdf04de13ff37cb7d91677d78bdb6cd3b4ee
  .codex/agents/implementer.toml: sha256:d79c0beb51339390f3ebc59cfc84b840ef910482b1341722537c7e3c01040581
  .codex/agents/improvement-reviewer.toml: sha256:d65925db09358dffe436551c894b2a8d88470fea159f0add0f675d82537ecd10
  .codex/agents/mastermind.toml: sha256:91f72fa8ea287337291b88d89bedc5d42edf66d4a1fade42429f0f01668b50f7
  .codex/agents/purple-evidence-improver.toml: sha256:f32fc79529b05977b94d624730a6423d2f940ca27057184642ca2dcb6c9802ce
  .codex/agents/red-evidence-author.toml: sha256:18949e81b6c28b78e40bc40dc9c9ed4d3e8af29bc45451c096c28b201ba7ea79
  .codex/agents/researcher.toml: sha256:c7989cc3c28183adf723cfb07fdb3d8ef87e468387f722d096078e7cb4e00b84
  .codex/agents/reviewer-terra.toml: sha256:ce910154bb41d30db2d5a4e60f818a7da8b509d1e5612c34cb21d3b464f46207
  .codex/agents/reviewer.toml: sha256:00bb00024134bb2d3971d87e61516f8f059898d483938d52b91700004be84cfc
  .codex/agents/workspace-operator.toml: sha256:9a6217252a0353d7b2f3b7ad83a0e3890f4054bfaf471ab0ce19ed68547b128d
  .codex/agents/writer.toml: sha256:81a63103c0d0a71b5ededdd28124a43b4b69c073dc01005e6de09b07b11a96cb
  .codex/agents/writing-reviewer.toml: sha256:61726357069ef832e71ecba23719311823189f6032382e5bf604efb481c91785
  .opencode/agents/advisor.md: sha256:8320a6bc849070e9c53fa7a506aa744be632c9e90d41266695b523685738d67f
  .opencode/agents/architect.md: sha256:e608dd4b6a909dd2670b656b8ee9fdef0ebad0ba68840795bebc8867125f1fc7
  .opencode/agents/blue-structure-improver.md: sha256:0545905537ba1940a621bfcd2a59a401c081bde6f20ec9f84d5351a61b9c5840
  .opencode/agents/brilliant-implementer.md: sha256:cfcc466b7ee0b44201ea5c5f3c23579c6b1c637112055b93cf02f7443146418e
  .opencode/agents/challenger-two.md: sha256:d67782b2152eae082843419033732706680b136af4dd5bcfc044fa9d6f5cccf6
  .opencode/agents/challenger.md: sha256:601ad0db96176de88a89143c8f3029dd98bbe7b57f5ae8355cba1b48564c0255
  .opencode/agents/explorer.md: sha256:328881a37c57b63b1f2acea1f73e6166b7c4be27cb43983bbc83105f4d7243ca
  .opencode/agents/gray-contract-implementer.md: sha256:cb55b96898b5cbab4f8095ca9cdac12cb04d383ead58d1291b7bfe674af65fa5
  .opencode/agents/green-behavior-implementer.md: sha256:c2e9542b7b189d11bafd9bf9559360b85fcc9d09fa304d67c0a0ff6e816453fc
  .opencode/agents/implementer.md: sha256:ee95559652b3bcb5b4b31eedc076907322a68859342fd054b0e98e85a6749e89
  .opencode/agents/improvement-reviewer.md: sha256:2df45223196e3248636d1571f74fe329caada5cf1fc3469932b29f9ebcffdbca
  .opencode/agents/mastermind.md: sha256:834462d83193af5ce250099ffd18b97a47e15b566519bbc55efdb6594927da81
  .opencode/agents/purple-evidence-improver.md: sha256:15f537b0f48d1fe0d70449b7be1e5dfddec23745ef9dd354e6fd98fc45bc1640
  .opencode/agents/red-evidence-author.md: sha256:ea43b071f764b10d5b9630a9a45400acab1dfe4944756628f229cc0990b03da5
  .opencode/agents/researcher.md: sha256:1e6f86a093402a760ba8c605bd4f6436518eb26a90981713981581097bfa4c1c
  .opencode/agents/reviewer-terra.md: sha256:b3053ede5a23582cf9bf13733248ddb4d2278aeafe54a9bb5c74e0fd3490ed2f
  .opencode/agents/reviewer.md: sha256:70127d39c6b76f0f131e1377b495351520636806ded25dbc39b5a9cc42dbe9a5
  .opencode/agents/workspace-operator.md: sha256:a501bef83362aa4567ce85e1c00f88610f0aa85253f59ad6c5dad73eb99f58df
  .opencode/agents/writer.md: sha256:fc3ce7b5813c5a4c6806cd4d74e0a0a8df20d4855094859d99300acf892c243c
  .opencode/agents/writing-reviewer.md: sha256:16d86820cd5e9aa09a6252ae63c5987645ea524dc0e8eaaf1b417869674d3391
