lockfile_version: '1'
generated_at: '2026-08-04T22:55:45.731138+00:00'
dependencies: []
deployments:
- kind: project-relative
  target: codex
  value: .codex/agents/advisor.toml
  runtime: null
  scope: project
  owners:
  - .
  active_owner: .
  content_hash: sha256:c2f9acaf9913e2dbc7b2ce2d1042a11c3b2e0b9124fd32dad4e1ad3beb6af17a
- kind: project-relative
  target: codex
  value: .codex/agents/blue-structure-improver.toml
  runtime: null
  scope: project
  owners:
  - .
  active_owner: .
  content_hash: sha256:00d58146daaab181f59fe10bb4f157b358e99c22ef479afc1d2b7582b525b90b
- kind: project-relative
  target: codex
  value: .codex/agents/brilliant-implementer.toml
  runtime: null
  scope: project
  owners:
  - .
  active_owner: .
  content_hash: sha256:ef9e7f5e0372cff1e448b3c4f37b11459b02a1859273427185525e1a32a68662
- kind: project-relative
  target: codex
  value: .codex/agents/challenger.toml
  runtime: null
  scope: project
  owners:
  - .
  active_owner: .
  content_hash: sha256:a2fca7742349ce456c723977b9b83d8f121f6ba095be8ded5f720ee0512575d7
- kind: project-relative
  target: codex
  value: .codex/agents/explorer.toml
  runtime: null
  scope: project
  owners:
  - .
  active_owner: .
  content_hash: sha256:a1edecd5d3192a977c4fc789b30b88e72d43d6b9cfa6efe3c6c6965a58d1f441
- kind: project-relative
  target: codex
  value: .codex/agents/gray-contract-implementer.toml
  runtime: null
  scope: project
  owners:
  - .
  active_owner: .
  content_hash: sha256:e186fc739c7d1029ca1c4b7d6e66d3e687e0b75e05a98680a6e641e8bd79eceb
- kind: project-relative
  target: codex
  value: .codex/agents/green-behavior-implementer.toml
  runtime: null
  scope: project
  owners:
  - .
  active_owner: .
  content_hash: sha256:1486594dcaa25e6d9885e8c8662540d32262d0d8aa3b52be5df74f858ffd6ac0
- kind: project-relative
  target: codex
  value: .codex/agents/implementer.toml
  runtime: null
  scope: project
  owners:
  - .
  active_owner: .
  content_hash: sha256:a732c163539ae2bb3661d990e54aa2289c8874cfc3f73f5d3afa32d5820a50f2
- kind: project-relative
  target: codex
  value: .codex/agents/improvement-reviewer.toml
  runtime: null
  scope: project
  owners:
  - .
  active_owner: .
  content_hash: sha256:bb46912ae99345fc8aab55affc5ead9a3890a55000127286f283d85694ffd8f3
- kind: project-relative
  target: codex
  value: .codex/agents/mastermind.toml
  runtime: null
  scope: project
  owners:
  - .
  active_owner: .
  content_hash: sha256:e5b8176fcb6586c790e0ae773ea5a2516b2f86910425a7e0d82765166c8dde7c
- kind: project-relative
  target: codex
  value: .codex/agents/purple-evidence-improver.toml
  runtime: null
  scope: project
  owners:
  - .
  active_owner: .
  content_hash: sha256:21a9828ad852b1e25647895f097e993089b688d04d7f45d59273c4b69671d727
- kind: project-relative
  target: codex
  value: .codex/agents/red-evidence-author.toml
  runtime: null
  scope: project
  owners:
  - .
  active_owner: .
  content_hash: sha256:c09b148a60dc4c2f6e241eecf64baf188db54283292a489f6ddd5b536f86225f
- kind: project-relative
  target: codex
  value: .codex/agents/researcher.toml
  runtime: null
  scope: project
  owners:
  - .
  active_owner: .
  content_hash: sha256:55c5b8aee2c861c83b11bcaf8ebd2729663e888569edf1f555a41dbd3631ec65
- kind: project-relative
  target: codex
  value: .codex/agents/reviewer-terra.toml
  runtime: null
  scope: project
  owners:
  - .
  active_owner: .
  content_hash: sha256:dd5f2c60458130418002f6f72becc919fda5a2148868e32f76cf0b74093adbd4
- kind: project-relative
  target: codex
  value: .codex/agents/reviewer.toml
  runtime: null
  scope: project
  owners:
  - .
  active_owner: .
  content_hash: sha256:3534a3be08bae98ad80f7094d9bf1580a9f2e6175ea7799edde805c8a84df42e
- kind: project-relative
  target: codex
  value: .codex/agents/workspace-operator.toml
  runtime: null
  scope: project
  owners:
  - .
  active_owner: .
  content_hash: sha256:9c1b773dea522dbe7ab5a0e4d0d41c0fa4b6d7bbcd031745bc65352b9c5e70ed
- kind: project-relative
  target: codex
  value: .codex/agents/writer.toml
  runtime: null
  scope: project
  owners:
  - .
  active_owner: .
  content_hash: sha256:c7f8a90fe7a2e0622d737cd031b38537f96d2dd6c506aa1fd24f0c27dab8f3d0
- kind: project-relative
  target: codex
  value: .codex/agents/writing-reviewer.toml
  runtime: null
  scope: project
  owners:
  - .
  active_owner: .
  content_hash: sha256:c22fc1e2b1bb6439d6ab075e9b5265066fa6b7483bf8107c33656fa3f17b15b1
- kind: project-relative
  target: opencode
  value: .opencode/agents/advisor.md
  runtime: null
  scope: project
  owners:
  - .
  active_owner: .
  content_hash: sha256:330e2139612c0a9232469eb8d757420fb287df8cdd3112ded02b8008c5557f13
- kind: project-relative
  target: opencode
  value: .opencode/agents/blue-structure-improver.md
  runtime: null
  scope: project
  owners:
  - .
  active_owner: .
  content_hash: sha256:0f45a08ffc8d0e51f17c4a3d425c8d94d8c788a78927fb2ed61ea4d3dc0b64f4
- kind: project-relative
  target: opencode
  value: .opencode/agents/brilliant-implementer.md
  runtime: null
  scope: project
  owners:
  - .
  active_owner: .
  content_hash: sha256:1d4b03392d19436e5a02a737e2599315a334e867fc2494c8dd77cdb048068706
- kind: project-relative
  target: opencode
  value: .opencode/agents/challenger.md
  runtime: null
  scope: project
  owners:
  - .
  active_owner: .
  content_hash: sha256:1ce1364747372560ff193346a9056306dbef7cc00747680629f583b818cd9ee1
- kind: project-relative
  target: opencode
  value: .opencode/agents/explorer.md
  runtime: null
  scope: project
  owners:
  - .
  active_owner: .
  content_hash: sha256:1234896fbf6491efe88500ad07a12751cd8bc34bdd1df010c9cdb69420df1c8f
- kind: project-relative
  target: opencode
  value: .opencode/agents/gray-contract-implementer.md
  runtime: null
  scope: project
  owners:
  - .
  active_owner: .
  content_hash: sha256:fc8831cb28ad32994469e8c6f9e5a5616d53589d4dfaaa2d0c7ca24ce428b1d8
- kind: project-relative
  target: opencode
  value: .opencode/agents/green-behavior-implementer.md
  runtime: null
  scope: project
  owners:
  - .
  active_owner: .
  content_hash: sha256:29adefb5adc26365113c64271513f1d503ff5ef7ddc5bb4c9cf85839da4f001b
- kind: project-relative
  target: opencode
  value: .opencode/agents/implementer.md
  runtime: null
  scope: project
  owners:
  - .
  active_owner: .
  content_hash: sha256:99e4b9442487a4a68dab2e547663a21892d765bde9e4990a5423367a0b039965
- kind: project-relative
  target: opencode
  value: .opencode/agents/improvement-reviewer.md
  runtime: null
  scope: project
  owners:
  - .
  active_owner: .
  content_hash: sha256:803864cee14b9dd186b96842274d5f426a451d2d442585cb6c55565cf6542439
- kind: project-relative
  target: opencode
  value: .opencode/agents/mastermind.md
  runtime: null
  scope: project
  owners:
  - .
  active_owner: .
  content_hash: sha256:d635067acf13aee4f9433ef18a8f82d42ea67f53070c7feb1bf36df0d08ca189
- kind: project-relative
  target: opencode
  value: .opencode/agents/purple-evidence-improver.md
  runtime: null
  scope: project
  owners:
  - .
  active_owner: .
  content_hash: sha256:ecc9269c403b8afc6ab8893e40d122e1187ad6680e7e0d5cb6659606ae7c7f85
- kind: project-relative
  target: opencode
  value: .opencode/agents/red-evidence-author.md
  runtime: null
  scope: project
  owners:
  - .
  active_owner: .
  content_hash: sha256:32769c13d847f8dd91cbfcb6c57367f482906cd375aa207659638afbdf13211a
- kind: project-relative
  target: opencode
  value: .opencode/agents/researcher.md
  runtime: null
  scope: project
  owners:
  - .
  active_owner: .
  content_hash: sha256:48b5f1a7fa509a993efeb7877b76e32dc18cd15afc2f221788ff55b3b4f672c1
- kind: project-relative
  target: opencode
  value: .opencode/agents/reviewer-terra.md
  runtime: null
  scope: project
  owners:
  - .
  active_owner: .
  content_hash: sha256:c8024750496df8302011620bee04c73df5d5b831bc2f7ac40dfef37b8534f266
- kind: project-relative
  target: opencode
  value: .opencode/agents/reviewer.md
  runtime: null
  scope: project
  owners:
  - .
  active_owner: .
  content_hash: sha256:be9ae2b3868b18ba3002686beacc5a47729ec302a9f260d71d3625aae7bc9116
- kind: project-relative
  target: opencode
  value: .opencode/agents/workspace-operator.md
  runtime: null
  scope: project
  owners:
  - .
  active_owner: .
  content_hash: sha256:74470c02d14c57aab4043a59c7b86e0c55b57700204132881bd4163c5e6534d9
- kind: project-relative
  target: opencode
  value: .opencode/agents/writer.md
  runtime: null
  scope: project
  owners:
  - .
  active_owner: .
  content_hash: sha256:c2c1a4ca499658c9f65a63b130da9e7339b76f5b5780523bcac38a94e74b079d
- kind: project-relative
  target: opencode
  value: .opencode/agents/writing-reviewer.md
  runtime: null
  scope: project
  owners:
  - .
  active_owner: .
  content_hash: sha256:23558383967d36b605f5ab43dbe23eaaf36ee9041d7e355534fe62d2b1932a0d
local_deployed_files:
- .codex/agents/advisor.toml
- .codex/agents/blue-structure-improver.toml
- .codex/agents/brilliant-implementer.toml
- .codex/agents/challenger.toml
- .codex/agents/explorer.toml
- .codex/agents/gray-contract-implementer.toml
- .codex/agents/green-behavior-implementer.toml
- .codex/agents/implementer.toml
- .codex/agents/improvement-reviewer.toml
- .codex/agents/mastermind.toml
- .codex/agents/purple-evidence-improver.toml
- .codex/agents/red-evidence-author.toml
- .codex/agents/researcher.toml
- .codex/agents/reviewer-terra.toml
- .codex/agents/reviewer.toml
- .codex/agents/workspace-operator.toml
- .codex/agents/writer.toml
- .codex/agents/writing-reviewer.toml
- .opencode/agents/advisor.md
- .opencode/agents/blue-structure-improver.md
- .opencode/agents/brilliant-implementer.md
- .opencode/agents/challenger.md
- .opencode/agents/explorer.md
- .opencode/agents/gray-contract-implementer.md
- .opencode/agents/green-behavior-implementer.md
- .opencode/agents/implementer.md
- .opencode/agents/improvement-reviewer.md
- .opencode/agents/mastermind.md
- .opencode/agents/purple-evidence-improver.md
- .opencode/agents/red-evidence-author.md
- .opencode/agents/researcher.md
- .opencode/agents/reviewer-terra.md
- .opencode/agents/reviewer.md
- .opencode/agents/workspace-operator.md
- .opencode/agents/writer.md
- .opencode/agents/writing-reviewer.md
local_deployed_file_hashes:
  .codex/agents/advisor.toml: sha256:c2f9acaf9913e2dbc7b2ce2d1042a11c3b2e0b9124fd32dad4e1ad3beb6af17a
  .codex/agents/blue-structure-improver.toml: sha256:00d58146daaab181f59fe10bb4f157b358e99c22ef479afc1d2b7582b525b90b
  .codex/agents/brilliant-implementer.toml: sha256:ef9e7f5e0372cff1e448b3c4f37b11459b02a1859273427185525e1a32a68662
  .codex/agents/challenger.toml: sha256:a2fca7742349ce456c723977b9b83d8f121f6ba095be8ded5f720ee0512575d7
  .codex/agents/explorer.toml: sha256:a1edecd5d3192a977c4fc789b30b88e72d43d6b9cfa6efe3c6c6965a58d1f441
  .codex/agents/gray-contract-implementer.toml: sha256:e186fc739c7d1029ca1c4b7d6e66d3e687e0b75e05a98680a6e641e8bd79eceb
  .codex/agents/green-behavior-implementer.toml: sha256:1486594dcaa25e6d9885e8c8662540d32262d0d8aa3b52be5df74f858ffd6ac0
  .codex/agents/implementer.toml: sha256:a732c163539ae2bb3661d990e54aa2289c8874cfc3f73f5d3afa32d5820a50f2
  .codex/agents/improvement-reviewer.toml: sha256:bb46912ae99345fc8aab55affc5ead9a3890a55000127286f283d85694ffd8f3
  .codex/agents/mastermind.toml: sha256:e5b8176fcb6586c790e0ae773ea5a2516b2f86910425a7e0d82765166c8dde7c
  .codex/agents/purple-evidence-improver.toml: sha256:21a9828ad852b1e25647895f097e993089b688d04d7f45d59273c4b69671d727
  .codex/agents/red-evidence-author.toml: sha256:c09b148a60dc4c2f6e241eecf64baf188db54283292a489f6ddd5b536f86225f
  .codex/agents/researcher.toml: sha256:55c5b8aee2c861c83b11bcaf8ebd2729663e888569edf1f555a41dbd3631ec65
  .codex/agents/reviewer-terra.toml: sha256:dd5f2c60458130418002f6f72becc919fda5a2148868e32f76cf0b74093adbd4
  .codex/agents/reviewer.toml: sha256:3534a3be08bae98ad80f7094d9bf1580a9f2e6175ea7799edde805c8a84df42e
  .codex/agents/workspace-operator.toml: sha256:9c1b773dea522dbe7ab5a0e4d0d41c0fa4b6d7bbcd031745bc65352b9c5e70ed
  .codex/agents/writer.toml: sha256:c7f8a90fe7a2e0622d737cd031b38537f96d2dd6c506aa1fd24f0c27dab8f3d0
  .codex/agents/writing-reviewer.toml: sha256:c22fc1e2b1bb6439d6ab075e9b5265066fa6b7483bf8107c33656fa3f17b15b1
  .opencode/agents/advisor.md: sha256:330e2139612c0a9232469eb8d757420fb287df8cdd3112ded02b8008c5557f13
  .opencode/agents/blue-structure-improver.md: sha256:0f45a08ffc8d0e51f17c4a3d425c8d94d8c788a78927fb2ed61ea4d3dc0b64f4
  .opencode/agents/brilliant-implementer.md: sha256:1d4b03392d19436e5a02a737e2599315a334e867fc2494c8dd77cdb048068706
  .opencode/agents/challenger.md: sha256:1ce1364747372560ff193346a9056306dbef7cc00747680629f583b818cd9ee1
  .opencode/agents/explorer.md: sha256:1234896fbf6491efe88500ad07a12751cd8bc34bdd1df010c9cdb69420df1c8f
  .opencode/agents/gray-contract-implementer.md: sha256:fc8831cb28ad32994469e8c6f9e5a5616d53589d4dfaaa2d0c7ca24ce428b1d8
  .opencode/agents/green-behavior-implementer.md: sha256:29adefb5adc26365113c64271513f1d503ff5ef7ddc5bb4c9cf85839da4f001b
  .opencode/agents/implementer.md: sha256:99e4b9442487a4a68dab2e547663a21892d765bde9e4990a5423367a0b039965
  .opencode/agents/improvement-reviewer.md: sha256:803864cee14b9dd186b96842274d5f426a451d2d442585cb6c55565cf6542439
  .opencode/agents/mastermind.md: sha256:d635067acf13aee4f9433ef18a8f82d42ea67f53070c7feb1bf36df0d08ca189
  .opencode/agents/purple-evidence-improver.md: sha256:ecc9269c403b8afc6ab8893e40d122e1187ad6680e7e0d5cb6659606ae7c7f85
  .opencode/agents/red-evidence-author.md: sha256:32769c13d847f8dd91cbfcb6c57367f482906cd375aa207659638afbdf13211a
  .opencode/agents/researcher.md: sha256:48b5f1a7fa509a993efeb7877b76e32dc18cd15afc2f221788ff55b3b4f672c1
  .opencode/agents/reviewer-terra.md: sha256:c8024750496df8302011620bee04c73df5d5b831bc2f7ac40dfef37b8534f266
  .opencode/agents/reviewer.md: sha256:be9ae2b3868b18ba3002686beacc5a47729ec302a9f260d71d3625aae7bc9116
  .opencode/agents/workspace-operator.md: sha256:74470c02d14c57aab4043a59c7b86e0c55b57700204132881bd4163c5e6534d9
  .opencode/agents/writer.md: sha256:c2c1a4ca499658c9f65a63b130da9e7339b76f5b5780523bcac38a94e74b079d
  .opencode/agents/writing-reviewer.md: sha256:23558383967d36b605f5ab43dbe23eaaf36ee9041d7e355534fe62d2b1932a0d
