<Solution>
  <Project Path="src/cli/core/OpenForge.Cli.Core/OpenForge.Cli.Core.csproj" />
  <Project Path="src/cli/root/OpenForge.Cli/OpenForge.Cli.csproj" />
  <Project Path="src/cli/tests/end-to-end/OpenForge.Cli.EndToEndTests/OpenForge.Cli.EndToEndTests.csproj" />
  <Project Path="src/cli/tests/integration/OpenForge.Cli.IntegrationTests/OpenForge.Cli.IntegrationTests.csproj" />
  <Project Path="src/cli/tests/support/OpenForge.Cli.TestSupport/OpenForge.Cli.TestSupport.csproj" />
  <Project Path="src/cli/tests/unit/OpenForge.Cli.Core.UnitTests/OpenForge.Cli.Core.UnitTests.csproj" />
</Solution>
